// !$*UTF8*$!
{
	archiveVersion = 1;
	classes = {
	};
	objectVersion = 46;
	objects = {

/* Begin PBXBuildFile section */
		DE692F9B1A088108005BF8BB /* CustomTableViewCell.swift in Sources */ = {isa = PBXBuildFile; fileRef = DE692F9A1A088108005BF8BB /* CustomTableViewCell.swift */; };
		DE95696A1A072E6D00F20E69 /* AppDelegate.swift in Sources */ = {isa = PBXBuildFile; fileRef = DE9569691A072E6D00F20E69 /* AppDelegate.swift */; };
		DE95696F1A072E6D00F20E69 /* Main.storyboard in Resources */ = {isa = PBXBuildFile; fileRef = DE95696D1A072E6D00F20E69 /* Main.storyboard */; };
		DE9569711A072E6D00F20E69 /* Images.xcassets in Resources */ = {isa = PBXBuildFile; fileRef = DE9569701A072E6D00F20E69 /* Images.xcassets */; };
		DE9569741A072E6D00F20E69 /* LaunchScreen.xib in Resources */ = {isa = PBXBuildFile; fileRef = DE9569721A072E6D00F20E69 /* LaunchScreen.xib */; };
		DE9569801A072E6D00F20E69 /* FoodPinTests.swift in Sources */ = {isa = PBXBuildFile; fileRef = DE95697F1A072E6D00F20E69 /* FoodPinTests.swift */; };
		DE95698A1A07308700F20E69 /* ResturantTableViewController.swift in Sources */ = {isa = PBXBuildFile; fileRef = DE9569891A07308700F20E69 /* ResturantTableViewController.swift */; };
/* End PBXBuildFile section */

/* Begin PBXContainerItemProxy section */
		DE95697A1A072E6D00F20E69 /* PBXContainerItemProxy */ = {
			isa = PBXContainerItemProxy;
			containerPortal = DE95695C1A072E6D00F20E69 /* Project object */;
			proxyType = 1;
			remoteGlobalIDString = DE9569631A072E6D00F20E69;
			remoteInfo = FoodPin;
		};
/* End PBXContainerItemProxy section */

/* Begin PBXFileReference section */
		DE692F9A1A088108005BF8BB /* CustomTableViewCell.swift */ = {isa = PBXFileReference; fileEncoding = 4; lastKnownFileType = sourcecode.swift; path = CustomTableViewCell.swift; sourceTree = "<group>"; };
		DE9569641A072E6D00F20E69 /* FoodPin.app */ = {isa = PBXFileReference; explicitFileType = wrapper.application; includeInIndex = 0; path = FoodPin.app; sourceTree = BUILT_PRODUCTS_DIR; };
		DE9569681A072E6D00F20E69 /* Info.plist */ = {isa = PBXFileReference; lastKnownFileType = text.plist.xml; path = Info.plist; sourceTree = "<group>"; };
		DE9569691A072E6D00F20E69 /* AppDelegate.swift */ = {isa = PBXFileReference; lastKnownFileType = sourcecode.swift; path = AppDelegate.swift; sourceTree = "<group>"; };
		DE95696E1A072E6D00F20E69 /* Base */ = {isa = PBXFileReference; lastKnownFileType = file.storyboard; name = Base; path = Base.lproj/Main.storyboard; sourceTree = "<group>"; };
		DE9569701A072E6D00F20E69 /* Images.xcassets */ = {isa = PBXFileReference; lastKnownFileType = folder.assetcatalog; path = Images.xcassets; sourceTree = "<group>"; };
		DE9569731A072E6D00F20E69 /* Base */ = {isa = PBXFileReference; lastKnownFileType = file.xib; name = Base; path = Base.lproj/LaunchScreen.xib; sourceTree = "<group>"; };
		DE9569791A072E6D00F20E69 /* FoodPinTests.xctest */ = {isa = PBXFileReference; explicitFileType = wrapper.cfbundle; includeInIndex = 0; path = FoodPinTests.xctest; sourceTree = BUILT_PRODUCTS_DIR; };
		DE95697E1A072E6D00F20E69 /* Info.plist */ = {isa = PBXFileReference; lastKnownFileType = text.plist.xml; path = Info.plist; sourceTree = "<group>"; };
		DE95697F1A072E6D00F20E69 /* FoodPinTests.swift */ = {isa = PBXFileReference; lastKnownFileType = sourcecode.swift; path = FoodPinTests.swift; sourceTree = "<group>"; };
		DE9569891A07308700F20E69 /* ResturantTableViewController.swift */ = {isa = PBXFileReference; fileEncoding = 4; lastKnownFileType = sourcecode.swift; path = ResturantTableViewController.swift; sourceTree = "<group>"; };
/* End PBXFileReference section */

/* Begin PBXFrameworksBuildPhase section */
		DE9569611A072E6D00F20E69 /* Frameworks */ = {
			isa = PBXFrameworksBuildPhase;
			buildActionMask = 2147483647;
			files = (
			);
			runOnlyForDeploymentPostprocessing = 0;
		};
		DE9569761A072E6D00F20E69 /* Frameworks */ = {
			isa = PBXFrameworksBuildPhase;
			buildActionMask = 2147483647;
			files = (
			);
			runOnlyForDeploymentPostprocessing = 0;
		};
/* End PBXFrameworksBuildPhase section */

/* Begin PBXGroup section */
		DE95695B1A072E6D00F20E69 = {
			isa = PBXGroup;
			children = (
				DE9569661A072E6D00F20E69 /* FoodPin */,
				DE95697C1A072E6D00F20E69 /* FoodPinTests */,
				DE9569651A072E6D00F20E69 /* Products */,
			);
			sourceTree = "<group>";
		};
		DE9569651A072E6D00F20E69 /* Products */ = {
			isa = PBXGroup;
			children = (
				DE9569641A072E6D00F20E69 /* FoodPin.app */,
				DE9569791A072E6D00F20E69 /* FoodPinTests.xctest */,
			);
			name = Products;
			sourceTree = "<group>";
		};
		DE9569661A072E6D00F20E69 /* FoodPin */ = {
			isa = PBXGroup;
			children = (
				DE9569691A072E6D00F20E69 /* AppDelegate.swift */,
				DE95696D1A072E6D00F20E69 /* Main.storyboard */,
				DE9569701A072E6D00F20E69 /* Images.xcassets */,
				DE9569721A072E6D00F20E69 /* LaunchScreen.xib */,
				DE9569891A07308700F20E69 /* ResturantTableViewController.swift */,
				DE9569671A072E6D00F20E69 /* Supporting Files */,
				DE692F9A1A088108005BF8BB /* CustomTableViewCell.swift */,
			);
			path = FoodPin;
			sourceTree = "<group>";
		};
		DE9569671A072E6D00F20E69 /* Supporting Files */ = {
			isa = PBXGroup;
			children = (
				DE9569681A072E6D00F20E69 /* Info.plist */,
			);
			name = "Supporting Files";
			sourceTree = "<group>";
		};
		DE95697C1A072E6D00F20E69 /* FoodPinTests */ = {
			isa = PBXGroup;
			children = (
				DE95697F1A072E6D00F20E69 /* FoodPinTests.swift */,
				DE95697D1A072E6D00F20E69 /* Supporting Files */,
			);
			path = FoodPinTests;
			sourceTree = "<group>";
		};
		DE95697D1A072E6D00F20E69 /* Supporting Files */ = {
			isa = PBXGroup;
			children = (
				DE95697E1A072E6D00F20E69 /* Info.plist */,
			);
			name = "Supporting Files";
			sourceTree = "<group>";
		};
/* End PBXGroup section */

/* Begin PBXNativeTarget section */
		DE9569631A072E6D00F20E69 /* FoodPin */ = {
			isa = PBXNativeTarget;
			buildConfigurationList = DE9569831A072E6D00F20E69 /* Build configuration list for PBXNativeTarget "FoodPin" */;
			buildPhases = (
				DE9569601A072E6D00F20E69 /* Sources */,
				DE9569611A072E6D00F20E69 /* Frameworks */,
				DE9569621A072E6D00F20E69 /* Resources */,
			);
			buildRules = (
			);
			dependencies = (
			);
			name = FoodPin;
			productName = FoodPin;
			productReference = DE9569641A072E6D00F20E69 /* FoodPin.app */;
			productType = "com.apple.product-type.application";
		};
		DE9569781A072E6D00F20E69 /* FoodPinTests */ = {
			isa = PBXNativeTarget;
			buildConfigurationList = DE9569861A072E6D00F20E69 /* Build configuration list for PBXNativeTarget "FoodPinTests" */;
			buildPhases = (
				DE9569751A072E6D00F20E69 /* Sources */,
				DE9569761A072E6D00F20E69 /* Frameworks */,
				DE9569771A072E6D00F20E69 /* Resources */,
			);
			buildRules = (
			);
			dependencies = (
				DE95697B1A072E6D00F20E69 /* PBXTargetDependency */,
			);
			name = FoodPinTests;
			productName = FoodPinTests;
			productReference = DE9569791A072E6D00F20E69 /* FoodPinTests.xctest */;
			productType = "com.apple.product-type.bundle.unit-test";
		};
/* End PBXNativeTarget section */

/* Begin PBXProject section */
		DE95695C1A072E6D00F20E69 /* Project object */ = {
			isa = PBXProject;
			attributes = {
				LastUpgradeCheck = 0600;
				ORGANIZATIONNAME = Merritte;
				TargetAttributes = {
					DE9569631A072E6D00F20E69 = {
						CreatedOnToolsVersion = 6.0;
					};
					DE9569781A072E6D00F20E69 = {
						CreatedOnToolsVersion = 6.0;
						TestTargetID = DE9569631A072E6D00F20E69;
					};
				};
			};
			buildConfigurationList = DE95695F1A072E6D00F20E69 /* Build configuration list for PBXProject "FoodPin" */;
			compatibilityVersion = "Xcode 3.2";
			developmentRegion = English;
			hasScannedForEncodings = 0;
			knownRegions = (
				en,
				Base,
			);
			mainGroup = DE95695B1A072E6D00F20E69;
			productRefGroup = DE9569651A072E6D00F20E69 /* Products */;
			projectDirPath = "";
			projectRoot = "";
			targets = (
				DE9569631A072E6D00F20E69 /* FoodPin */,
				DE9569781A072E6D00F20E69 /* FoodPinTests */,
			);
		};
/* End PBXProject section */

/* Begin PBXResourcesBuildPhase section */
		DE9569621A072E6D00F20E69 /* Resources */ = {
			isa = PBXResourcesBuildPhase;
			buildActionMask = 2147483647;
			files = (
				DE95696F1A072E6D00F20E69 /* Main.storyboard in Resources */,
				DE9569741A072E6D00F20E69 /* LaunchScreen.xib in Resources */,
				DE9569711A072E6D00F20E69 /* Images.xcassets in Resources */,
			);
			runOnlyForDeploymentPostprocessing = 0;
		};
		DE9569771A072E6D00F20E69 /* Resources */ = {
			isa = PBXResourcesBuildPhase;
			buildActionMask = 2147483647;
			files = (
			);
			runOnlyForDeploymentPostprocessing = 0;
		};
/* End PBXResourcesBuildPhase section */

/* Begin PBXSourcesBuildPhase section */
		DE9569601A072E6D00F20E69 /* Sources */ = {
			isa = PBXSourcesBuildPhase;
			buildActionMask = 2147483647;
			files = (
				DE692F9B1A088108005BF8BB /* CustomTableViewCell.swift in Sources */,
				DE95698A1A07308700F20E69 /* ResturantTableViewController.swift in Sources */,
				DE95696A1A072E6D00F20E69 /* AppDelegate.swift in Sources */,
			);
			runOnlyForDeploymentPostprocessing = 0;
		};
		DE9569751A072E6D00F20E69 /* Sources */ = {
			isa = PBXSourcesBuildPhase;
			buildActionMask = 2147483647;
			files = (
				DE9569801A072E6D00F20E69 /* FoodPinTests.swift in Sources */,
			);
			runOnlyForDeploymentPostprocessing = 0;
		};
/* End PBXSourcesBuildPhase section */

/* Begin PBXTargetDependency section */
		DE95697B1A072E6D00F20E69 /* PBXTargetDependency */ = {
			isa = PBXTargetDependency;
			target = DE9569631A072E6D00F20E69 /* FoodPin */;
			targetProxy = DE95697A1A072E6D00F20E69 /* PBXContainerItemProxy */;
		};
/* End PBXTargetDependency section */

/* Begin PBXVariantGroup section */
		DE95696D1A072E6D00F20E69 /* Main.storyboard */ = {
			isa = PBXVariantGroup;
			children = (
				DE95696E1A072E6D00F20E69 /* Base */,
			);
			name = Main.storyboard;
			sourceTree = "<group>";
		};
		DE9569721A072E6D00F20E69 /* LaunchScreen.xib */ = {
			isa = PBXVariantGroup;
			children = (
				DE9569731A072E6D00F20E69 /* Base */,
			);
			name = LaunchScreen.xib;
			sourceTree = "<group>";
		};
/* End PBXVariantGroup section */

/* Begin XCBuildConfiguration section */
		DE9569811A072E6D00F20E69 /* Debug */ = {
			isa = XCBuildConfiguration;
			buildSettings = {
				ALWAYS_SEARCH_USER_PATHS = NO;
				CLANG_CXX_LANGUAGE_STANDARD = "gnu++0x";
				CLANG_CXX_LIBRARY = "libc++";
				CLANG_ENABLE_MODULES = YES;
				CLANG_ENABLE_OBJC_ARC = YES;
				CLANG_WARN_BOOL_CONVERSION = YES;
				CLANG_WARN_CONSTANT_CONVERSION = YES;
				CLANG_WARN_DIRECT_OBJC_ISA_USAGE = YES_ERROR;
				CLANG_WARN_EMPTY_BODY = YES;
				CLANG_WARN_ENUM_CONVERSION = YES;
				CLANG_WARN_INT_CONVERSION = YES;
				CLANG_WARN_OBJC_ROOT_CLASS = YES_ERROR;
				CLANG_WARN_UNREACHABLE_CODE = YES;
				CLANG_WARN__DUPLICATE_METHOD_MATCH = YES;
				"CODE_SIGN_IDENTITY[sdk=iphoneos*]" = "iPhone Developer";
				COPY_PHASE_STRIP = NO;
				ENABLE_STRICT_OBJC_MSGSEND = YES;
				GCC_C_LANGUAGE_STANDARD = gnu99;
				GCC_DYNAMIC_NO_PIC = NO;
				GCC_OPTIMIZATION_LEVEL = 0;
				GCC_PREPROCESSOR_DEFINITIONS = (
					"DEBUG=1",
					"$(inherited)",
				);
				GCC_SYMBOLS_PRIVATE_EXTERN = NO;
				GCC_WARN_64_TO_32_BIT_CONVERSION = YES;
				GCC_WARN_ABOUT_RETURN_TYPE = YES_ERROR;
				GCC_WARN_UNDECLARED_SELECTOR = YES;
				GCC_WARN_UNINITIALIZED_AUTOS = YES_AGGRESSIVE;
				GCC_WARN_UNUSED_FUNCTION = YES;
				GCC_WARN_UNUSED_VARIABLE = YES;
				IPHONEOS_DEPLOYMENT_TARGET = 8.0;
				MTL_ENABLE_DEBUG_INFO = YES;
				ONLY_ACTIVE_ARCH = YES;
				SDKROOT = iphoneos;
				SWIFT_OPTIMIZATION_LEVEL = "-Onone";
			};
			name = Debug;
		};
		DE9569821A072E6D00F20E69 /* Release */ = {
			isa = XCBuildConfiguration;
			buildSettings = {
				ALWAYS_SEARCH_USER_PATHS = NO;
				CLANG_CXX_LANGUAGE_STANDARD = "gnu++0x";
				CLANG_CXX_LIBRARY = "libc++";
				CLANG_ENABLE_MODULES = YES;
				CLANG_ENABLE_OBJC_ARC = YES;
				CLANG_WARN_BOOL_CONVERSION = YES;
				CLANG_WARN_CONSTANT_CONVERSION = YES;
				CLANG_WARN_DIRECT_OBJC_ISA_USAGE = YES_ERROR;
				CLANG_WARN_EMPTY_BODY = YES;
				CLANG_WARN_ENUM_CONVERSION = YES;
				CLANG_WARN_INT_CONVERSION = YES;
				CLANG_WARN_OBJC_ROOT_CLASS = YES_ERROR;
				CLANG_WARN_UNREACHABLE_CODE = YES;
				CLANG_WARN__DUPLICATE_METHOD_MATCH = YES;
				"CODE_SIGN_IDENTITY[sdk=iphoneos*]" = "iPhone Developer";
				COPY_PHASE_STRIP = YES;
				ENABLE_NS_ASSERTIONS = NO;
				ENABLE_STRICT_OBJC_MSGSEND = YES;
				GCC_C_LANGUAGE_STANDARD = gnu99;
				GCC_WARN_64_TO_32_BIT_CONVERSION = YES;
				GCC_WARN_ABOUT_RETURN_TYPE = YES_ERROR;
				GCC_WARN_UNDECLARED_SELECTOR = YES;
				GCC_WARN_UNINITIALIZED_AUTOS = YES_AGGRESSIVE;
				GCC_WARN_UNUSED_FUNCTION = YES;
				GCC_WARN_UNUSED_VARIABLE = YES;
				IPHONEOS_DEPLOYMENT_TARGET = 8.0;
				MTL_ENABLE_DEBUG_INFO = NO;
				SDKROOT = iphoneos;
				VALIDATE_PRODUCT = YES;
			};
			name = Release;
		};
		DE9569841A072E6D00F20E69 /* Debug */ = {
			isa = XCBuildConfiguration;
			buildSettings = {
				ASSETCATALOG_COMPILER_APPICON_NAME = AppIcon;
				INFOPLIST_FILE = FoodPin/Info.plist;
				LD_RUNPATH_SEARCH_PATHS = "$(inherited) @executable_path/Frameworks";
				PRODUCT_NAME = "$(TARGET_NAME)";
			};
			name = Debug;
		};
		DE9569851A072E6D00F20E69 /* Release */ = {
			isa = XCBuildConfiguration;
			buildSettings = {
				ASSETCATALOG_COMPILER_APPICON_NAME = AppIcon;
				INFOPLIST_FILE = FoodPin/Info.plist;
				LD_RUNPATH_SEARCH_PATHS = "$(inherited) @executable_path/Frameworks";
				PRODUCT_NAME = "$(TARGET_NAME)";
			};
			name = Release;
		};
		DE9569871A072E6D00F20E69 /* Debug */ = {
			isa = XCBuildConfiguration;
			buildSettings = {
				BUNDLE_LOADER = "$(TEST_HOST)";
				FRAMEWORK_SEARCH_PATHS = (
					"$(SDKROOT)/Developer/Library/Frameworks",
					"$(inherited)",
				);
				GCC_PREPROCESSOR_DEFINITIONS = (
					"DEBUG=1",
					"$(inherited)",
				);
				INFOPLIST_FILE = FoodPinTests/Info.plist;
				LD_RUNPATH_SEARCH_PATHS = "$(inherited) @executable_path/Frameworks @loader_path/Frameworks";
				PRODUCT_NAME = "$(TARGET_NAME)";
				TEST_HOST = "$(BUILT_PRODUCTS_DIR)/FoodPin.app/FoodPin";
			};
			name = Debug;
		};
		DE9569881A072E6D00F20E69 /* Release */ = {
			isa = XCBuildConfiguration;
			buildSettings = {
				BUNDLE_LOADER = "$(TEST_HOST)";
				FRAMEWORK_SEARCH_PATHS = (
					"$(SDKROOT)/Developer/Library/Frameworks",
					"$(inherited)",
				);
				INFOPLIST_FILE = FoodPinTests/Info.plist;
				LD_RUNPATH_SEARCH_PATHS = "$(inherited) @executable_path/Frameworks @loader_path/Frameworks";
				PRODUCT_NAME = "$(TARGET_NAME)";
				TEST_HOST = "$(BUILT_PRODUCTS_DIR)/FoodPin.app/FoodPin";
			};
			name = Release;
		};
/* End XCBuildConfiguration section */

/* Begin XCConfigurationList section */
		DE95695F1A072E6D00F20E69 /* Build configuration list for PBXProject "FoodPin" */ = {
			isa = XCConfigurationList;
			buildConfigurations = (
				DE9569811A072E6D00F20E69 /* Debug */,
				DE9569821A072E6D00F20E69 /* Release */,
			);
			defaultConfigurationIsVisible = 0;
			defaultConfigurationName = Release;
		};
		DE9569831A072E6D00F20E69 /* Build configuration list for PBXNativeTarget "FoodPin" */ = {
			isa = XCConfigurationList;
			buildConfigurations = (
				DE9569841A072E6D00F20E69 /* Debug */,
				DE9569851A072E6D00F20E69 /* Release */,
			);
			defaultConfigurationIsVisible = 0;
			defaultConfigurationName = Release;
		};
		DE9569861A072E6D00F20E69 /* Build configuration list for PBXNativeTarget "FoodPinTests" */ = {
			isa = XCConfigurationList;
			buildConfigurations = (
				DE9569871A072E6D00F20E69 /* Debug */,
				DE9569881A072E6D00F20E69 /* Release */,
			);
			defaultConfigurationIsVisible = 0;
			defaultConfigurationName = Release;
		};
/* End XCConfigurationList section */
	};
	rootObject = DE95695C1A072E6D00F20E69 /* Project object */;
}
